
Microsoft Visual Studio Solution File, Format Version 12.00
# Visual Studio 2017
Project("{FAE04EC0-301F-11D3-BF4B-00C04F79EFBC}") = "SDAU.Plugins", "SDAU.Plugins.csproj", "{AA4DB8D4-88EF-CB4C-8406-3F53849D6D5B}"
EndProject
Project("{FAE04EC0-301F-11D3-BF4B-00C04F79EFBC}") = "SDAU", "SDAU.csproj", "{BD27B6DD-27FD-8B42-D91C-BFCF8B62A972}"
EndProject
Project("{FAE04EC0-301F-11D3-BF4B-00C04F79EFBC}") = "SDAU.Editor.Plugins", "SDAU.Editor.Plugins.csproj", "{82C365FB-2FF3-0E5F-3777-630776F39C0D}"
EndProject
Project("{FAE04EC0-301F-11D3-BF4B-00C04F79EFBC}") = "SDAU.Editor", "SDAU.Editor.csproj", "{201EE52E-166F-47B4-9D71-CC4520392B62}"
EndProject
Global
	GlobalSection(SolutionConfigurationPlatforms) = preSolution
		Debug|Any CPU = Debug|Any CPU
		Release|Any CPU = Release|Any CPU
	EndGlobalSection
	GlobalSection(ProjectConfigurationPlatforms) = postSolution
		{AA4DB8D4-88EF-CB4C-8406-3F53849D6D5B}.Debug|Any CPU.ActiveCfg = Debug|Any CPU
		{AA4DB8D4-88EF-CB4C-8406-3F53849D6D5B}.Debug|Any CPU.Build.0 = Debug|Any CPU
		{AA4DB8D4-88EF-CB4C-8406-3F53849D6D5B}.Release|Any CPU.ActiveCfg = Release|Any CPU
		{AA4DB8D4-88EF-CB4C-8406-3F53849D6D5B}.Release|Any CPU.Build.0 = Release|Any CPU
		{BD27B6DD-27FD-8B42-D91C-BFCF8B62A972}.Debug|Any CPU.ActiveCfg = Debug|Any CPU
		{BD27B6DD-27FD-8B42-D91C-BFCF8B62A972}.Debug|Any CPU.Build.0 = Debug|Any CPU
		{BD27B6DD-27FD-8B42-D91C-BFCF8B62A972}.Release|Any CPU.ActiveCfg = Release|Any CPU
		{BD27B6DD-27FD-8B42-D91C-BFCF8B62A972}.Release|Any CPU.Build.0 = Release|Any CPU
		{82C365FB-2FF3-0E5F-3777-630776F39C0D}.Debug|Any CPU.ActiveCfg = Debug|Any CPU
		{82C365FB-2FF3-0E5F-3777-630776F39C0D}.Debug|Any CPU.Build.0 = Debug|Any CPU
		{82C365FB-2FF3-0E5F-3777-630776F39C0D}.Release|Any CPU.ActiveCfg = Release|Any CPU
		{82C365FB-2FF3-0E5F-3777-630776F39C0D}.Release|Any CPU.Build.0 = Release|Any CPU
		{201EE52E-166F-47B4-9D71-CC4520392B62}.Debug|Any CPU.ActiveCfg = Debug|Any CPU
		{201EE52E-166F-47B4-9D71-CC4520392B62}.Debug|Any CPU.Build.0 = Debug|Any CPU
		{201EE52E-166F-47B4-9D71-CC4520392B62}.Release|Any CPU.ActiveCfg = Release|Any CPU
		{201EE52E-166F-47B4-9D71-CC4520392B62}.Release|Any CPU.Build.0 = Release|Any CPU
	EndGlobalSection
	GlobalSection(SolutionProperties) = preSolution
		HideSolutionNode = FALSE
	EndGlobalSection
EndGlobal
